
Microsoft Visual Studio Solution File, Format Version 12.00
# Visual Studio Version 17
VisualStudioVersion = 17.2.32526.322
MinimumVisualStudioVersion = 10.0.40219.1
Project("{8BC9CEB8-8B4A-11D0-8D11-00A0C91BC942}") = "AdvancedDataStructures", "AdvancedDataStructures\AdvancedDataStructures.vcxproj", "{2EF8AB37-B25D-4A0C-9F16-4BAD08F48E51}"
EndProject
Global
	GlobalSection(SolutionConfigurationPlatforms) = preSolution
		Debug|x64 = Debug|x64
		Debug|x86 = Debug|x86
		Release|x64 = Release|x64
		Release|x86 = Release|x86
	EndGlobalSection
	GlobalSection(ProjectConfigurationPlatforms) = postSolution
		{2EF8AB37-B25D-4A0C-9F16-4BAD08F48E51}.Debug|x64.ActiveCfg = Debug|x64
		{2EF8AB37-B25D-4A0C-9F16-4BAD08F48E51}.Debug|x64.Build.0 = Debug|x64
		{2EF8AB37-B25D-4A0C-9F16-4BAD08F48E51}.Debug|x86.ActiveCfg = Debug|Win32
		{2EF8AB37-B25D-4A0C-9F16-4BAD08F48E51}.Debug|x86.Build.0 = Debug|Win32
		{2EF8AB37-B25D-4A0C-9F16-4BAD08F48E51}.Release|x64.ActiveCfg = Release|x64
		{2EF8AB37-B25D-4A0C-9F16-4BAD08F48E51}.Release|x64.Build.0 = Release|x64
		{2EF8AB37-B25D-4A0C-9F16-4BAD08F48E51}.Release|x86.ActiveCfg = Release|Win32
		{2EF8AB37-B25D-4A0C-9F16-4BAD08F48E51}.Release|x86.Build.0 = Release|Win32
	EndGlobalSection
	GlobalSection(SolutionProperties) = preSolution
		HideSolutionNode = FALSE
	EndGlobalSection
	GlobalSection(ExtensibilityGlobals) = postSolution
		SolutionGuid = {894C394B-EE04-4B64-9B4D-F1D7D7C7D761}
	EndGlobalSection
EndGlobal
